
Microsoft Visual Studio Solution File, Format Version 12.00
# Visual Studio 15
VisualStudioVersion = 15.0.28010.2046
MinimumVisualStudioVersion = 10.0.40219.1
Project("{FAE04EC0-301F-11D3-BF4B-00C04F79EFBC}") = "SquareCalculator", "SquareCalculator\SquareCalculator.csproj", "{FA51C636-0BA5-42B2-93FE-3E46F4DAFB6E}"
EndProject
Global
	GlobalSection(SolutionConfigurationPlatforms) = preSolution
		Debug|Any CPU = Debug|Any CPU
		Release|Any CPU = Release|Any CPU
	EndGlobalSection
	GlobalSection(ProjectConfigurationPlatforms) = postSolution
		{FA51C636-0BA5-42B2-93FE-3E46F4DAFB6E}.Debug|Any CPU.ActiveCfg = Debug|Any CPU
		{FA51C636-0BA5-42B2-93FE-3E46F4DAFB6E}.Debug|Any CPU.Build.0 = Debug|Any CPU
		{FA51C636-0BA5-42B2-93FE-3E46F4DAFB6E}.Release|Any CPU.ActiveCfg = Release|Any CPU
		{FA51C636-0BA5-42B2-93FE-3E46F4DAFB6E}.Release|Any CPU.Build.0 = Release|Any CPU
	EndGlobalSection
	GlobalSection(SolutionProperties) = preSolution
		HideSolutionNode = FALSE
	EndGlobalSection
	GlobalSection(ExtensibilityGlobals) = postSolution
		SolutionGuid = {AAF50997-B62F-4F1E-8900-60D5C425A6BE}
	EndGlobalSection
EndGlobal
